
Microsoft Visual Studio Solution File, Format Version 12.00
# Visual Studio Version 16
VisualStudioVersion = 16.0.30804.86
MinimumVisualStudioVersion = 10.0.40219.1
Project("{9A19103F-16F7-4668-BE54-9A1E7A4F7556}") = "EFBlazorBasics", "EFBlazorBasics.csproj", "{2CE0DD83-7497-4057-9996-BF515CFC13E3}"
EndProject
Global
	GlobalSection(SolutionConfigurationPlatforms) = preSolution
		Debug|Any CPU = Debug|Any CPU
		Release|Any CPU = Release|Any CPU
	EndGlobalSection
	GlobalSection(ProjectConfigurationPlatforms) = postSolution
		{2CE0DD83-7497-4057-9996-BF515CFC13E3}.Debug|Any CPU.ActiveCfg = Debug|Any CPU
		{2CE0DD83-7497-4057-9996-BF515CFC13E3}.Debug|Any CPU.Build.0 = Debug|Any CPU
		{2CE0DD83-7497-4057-9996-BF515CFC13E3}.Release|Any CPU.ActiveCfg = Release|Any CPU
		{2CE0DD83-7497-4057-9996-BF515CFC13E3}.Release|Any CPU.Build.0 = Release|Any CPU
		{DD052506-223C-46D2-ADF0-DF7C1520A557}.Debug|Any CPU.ActiveCfg = Debug|Any CPU
		{DD052506-223C-46D2-ADF0-DF7C1520A557}.Debug|Any CPU.Build.0 = Debug|Any CPU
		{DD052506-223C-46D2-ADF0-DF7C1520A557}.Release|Any CPU.ActiveCfg = Release|Any CPU
		{DD052506-223C-46D2-ADF0-DF7C1520A557}.Release|Any CPU.Build.0 = Release|Any CPU
		{4DE2A6E8-51BB-4FEB-AB0B-6578FA610B33}.Debug|Any CPU.ActiveCfg = Debug|Any CPU
		{4DE2A6E8-51BB-4FEB-AB0B-6578FA610B33}.Debug|Any CPU.Build.0 = Debug|Any CPU
		{4DE2A6E8-51BB-4FEB-AB0B-6578FA610B33}.Release|Any CPU.ActiveCfg = Release|Any CPU
		{4DE2A6E8-51BB-4FEB-AB0B-6578FA610B33}.Release|Any CPU.Build.0 = Release|Any CPU
		{96702B03-263E-4218-B998-B73832C609F7}.Debug|Any CPU.ActiveCfg = Debug|Any CPU
		{96702B03-263E-4218-B998-B73832C609F7}.Debug|Any CPU.Build.0 = Debug|Any CPU
		{96702B03-263E-4218-B998-B73832C609F7}.Release|Any CPU.ActiveCfg = Release|Any CPU
		{96702B03-263E-4218-B998-B73832C609F7}.Release|Any CPU.Build.0 = Release|Any CPU
	EndGlobalSection
	GlobalSection(SolutionProperties) = preSolution
		HideSolutionNode = FALSE
	EndGlobalSection
	GlobalSection(ExtensibilityGlobals) = postSolution
		SolutionGuid = {092ED30C-3D2E-454D-A06F-9794C0541AD4}
	EndGlobalSection
EndGlobal
